<?xml version="1.0" encoding="UTF-8" standalone="yes" ?>
<CodeBlocks_project_file>
	<FileVersion major="1" minor="6" />
	<Project>
		<Option title="ZEngine" />
		<Option pch_mode="2" />
		<Option compiler="gcc" />
		<Build>
			<Target title="Debug">
				<Option output="bin/Debug/ZEngine" prefix_auto="1" extension_auto="1" />
				<Option working_dir="bin/Debug" />
				<Option object_output="obj/Debug/" />
				<Option type="1" />
				<Option compiler="gcc" />
				<Compiler>
					<Add option="-std=c++11" />
					<Add option="-g" />
					<Add option="-U__STRICT_ANSI__" />
					<Add directory="../zLibraries" />
				</Compiler>
			</Target>
			<Target title="Release">
				<Option output="bin/Release/ZEngine" prefix_auto="1" extension_auto="1" />
				<Option object_output="obj/Release/" />
				<Option type="1" />
				<Option compiler="gcc" />
				<Compiler>
					<Add option="-O3" />
					<Add option="-std=c++11" />
					<Add option="-U__STRICT_ANSI__" />
				</Compiler>
				<Linker>
					<Add option="-s" />
				</Linker>
			</Target>
		</Build>
		<Compiler>
			<Add option="-Wall" />
			<Add option="-fexceptions" />
		</Compiler>
		<Unit filename="main.cpp" />
		<Unit filename="z/script.h" />
		<Unit filename="z/script/command_t.h" />
		<Unit filename="z/script/compiler.h" />
		<Unit filename="z/script/compiler/constantFolder.h" />
		<Unit filename="z/script/compiler/escapeSequences.h" />
		<Unit filename="z/script/compiler/identity.h" />
		<Unit filename="z/script/compiler/includeIterator.h" />
		<Unit filename="z/script/compiler/lexer.h" />
		<Unit filename="z/script/compiler/phrase.h" />
		<Unit filename="z/script/compiler/scanner.h" />
		<Unit filename="z/script/compiler/semanticAnalyzer.h" />
		<Unit filename="z/script/compiler/signatures.h" />
		<Unit filename="z/script/compiler/syntaxErrors/error_for.h" />
		<Unit filename="z/script/compiler/syntaxErrors/error_oper.h" />
		<Unit filename="z/script/compiler/syntaxErrors/error_semicolon.h" />
		<Unit filename="z/script/compiler/syntaxRules/add1expr.h" />
		<Unit filename="z/script/compiler/syntaxRules/addexpr.h" />
		<Unit filename="z/script/compiler/syntaxRules/assignexpr.h" />
		<Unit filename="z/script/compiler/syntaxRules/boolexpr.h" />
		<Unit filename="z/script/compiler/syntaxRules/command.h" />
		<Unit filename="z/script/compiler/syntaxRules/dimensionexpr.h" />
		<Unit filename="z/script/compiler/syntaxRules/exprlist.h" />
		<Unit filename="z/script/compiler/syntaxRules/externaldecl.h" />
		<Unit filename="z/script/compiler/syntaxRules/factorialexpr.h" />
		<Unit filename="z/script/compiler/syntaxRules/for_statement.h" />
		<Unit filename="z/script/compiler/syntaxRules/foreach_statement.h" />
		<Unit filename="z/script/compiler/syntaxRules/formaldecllist.h" />
		<Unit filename="z/script/compiler/syntaxRules/formaltypedecl.h" />
		<Unit filename="z/script/compiler/syntaxRules/formalvardecl.h" />
		<Unit filename="z/script/compiler/syntaxRules/func_prototype.h" />
		<Unit filename="z/script/compiler/syntaxRules/funccall.h" />
		<Unit filename="z/script/compiler/syntaxRules/function_decl.h" />
		<Unit filename="z/script/compiler/syntaxRules/gosub_statement.h" />
		<Unit filename="z/script/compiler/syntaxRules/goto_statement.h" />
		<Unit filename="z/script/compiler/syntaxRules/identifierlist.h" />
		<Unit filename="z/script/compiler/syntaxRules/if_statement.h" />
		<Unit filename="z/script/compiler/syntaxRules/index.h" />
		<Unit filename="z/script/compiler/syntaxRules/indexlist.h" />
		<Unit filename="z/script/compiler/syntaxRules/int_decllist.h" />
		<Unit filename="z/script/compiler/syntaxRules/label_statement.h" />
		<Unit filename="z/script/compiler/syntaxRules/list.h" />
		<Unit filename="z/script/compiler/syntaxRules/loop_statement.h" />
		<Unit filename="z/script/compiler/syntaxRules/multiplyexpr.h" />
		<Unit filename="z/script/compiler/syntaxRules/negatexpr.h" />
		<Unit filename="z/script/compiler/syntaxRules/operand.h" />
		<Unit filename="z/script/compiler/syntaxRules/parenthexpr.h" />
		<Unit filename="z/script/compiler/syntaxRules/powerexpr.h" />
		<Unit filename="z/script/compiler/syntaxRules/program.h" />
		<Unit filename="z/script/compiler/syntaxRules/range.h" />
		<Unit filename="z/script/compiler/syntaxRules/return_statement.h" />
		<Unit filename="z/script/compiler/syntaxRules/run_statement.h" />
		<Unit filename="z/script/compiler/syntaxRules/shareddecl.h" />
		<Unit filename="z/script/compiler/syntaxRules/sizeofexpr.h" />
		<Unit filename="z/script/compiler/syntaxRules/statement.h" />
		<Unit filename="z/script/compiler/syntaxRules/statementlist.h" />
		<Unit filename="z/script/compiler/syntaxRules/stop_statement.h" />
		<Unit filename="z/script/compiler/syntaxRules/subroutine_decl.h" />
		<Unit filename="z/script/compiler/syntaxRules/type_funccall.h" />
		<Unit filename="z/script/compiler/syntaxRules/typedecl.h" />
		<Unit filename="z/script/compiler/syntaxRules/typevar.h" />
		<Unit filename="z/script/compiler/syntaxRules/typevar_decl.h" />
		<Unit filename="z/script/compiler/syntaxRules/until_statement.h" />
		<Unit filename="z/script/compiler/syntaxRules/variable.h" />
		<Unit filename="z/script/compiler/syntaxRules/variable_decl.h" />
		<Unit filename="z/script/compiler/syntaxRules/varindex.h" />
		<Unit filename="z/script/compiler/syntaxRules/wait_statement.h" />
		<Unit filename="z/script/compiler/syntaxRules/while_post_stmt.h" />
		<Unit filename="z/script/compiler/syntaxRules/while_pre_stmt.h" />
		<Unit filename="z/script/compiler/varScope.h" />
		<Unit filename="z/script/data_t.h" />
		<Unit filename="z/script/errors.h" />
		<Unit filename="z/script/function_t.h" />
		<Extensions>
			<code_completion />
			<envvars />
			<debugger />
		</Extensions>
	</Project>
</CodeBlocks_project_file>
