<?xml version="1.0" encoding="UTF-8" standalone="yes" ?>
<CodeBlocks_project_file>
	<FileVersion major="1" minor="6" />
	<Project>
		<Option title="ZEngine" />
		<Option pch_mode="2" />
		<Option compiler="gcc" />
		<Build>
			<Target title="Debug">
				<Option output="bin/Debug/ZEngine" prefix_auto="1" extension_auto="1" />
				<Option working_dir="bin/Debug" />
				<Option object_output="obj/Debug/" />
				<Option type="1" />
				<Option compiler="gcc" />
				<Compiler>
					<Add option="-std=c++11" />
					<Add option="-g" />
					<Add option="-U__STRICT_ANSI__" />
					<Add directory="C:/Users/Zachary/Documents/irrlicht-1.8.4/include" />
				</Compiler>
				<Linker>
					<Add library="libIrrlicht.a" />
					<Add directory="C:/Users/Zachary/Documents/irrlicht-1.8.4/lib/Win32-gcc" />
				</Linker>
			</Target>
			<Target title="Release">
				<Option output="bin/Release/ZEngine" prefix_auto="1" extension_auto="1" />
				<Option object_output="obj/Release/" />
				<Option type="1" />
				<Option compiler="gcc" />
				<Compiler>
					<Add option="-O2" />
				</Compiler>
				<Linker>
					<Add option="-s" />
				</Linker>
			</Target>
		</Build>
		<Compiler>
			<Add option="-Wall" />
			<Add option="-fexceptions" />
		</Compiler>
		<Unit filename="core/array.h" />
		<Unit filename="core/dynamicStack.h" />
		<Unit filename="core/pause.h" />
		<Unit filename="core/sorted_array.h" />
		<Unit filename="core/string.h" />
		<Unit filename="core/stringUtils.h" />
		<Unit filename="core/stringUtils/char_is_alphanumeric.h" />
		<Unit filename="core/stringUtils/char_is_whiteSpace.h" />
		<Unit filename="core/stringUtils/convert_type.h" />
		<Unit filename="core/stringUtils/dePad_string.h" />
		<Unit filename="core/stringUtils/eval_string.h" />
		<Unit filename="core/stringUtils/pad_string.h" />
		<Unit filename="core/stringUtils/string_lower.h" />
		<Unit filename="core/stringUtils/string_remove_whiteSpace.h" />
		<Unit filename="core/stringUtils/string_upper.h" />
		<Unit filename="core/stringUtils/tokenize_string.h" />
		<Unit filename="core/timer.h" />
		<Unit filename="dict/basic_dictionary.h" />
		<Unit filename="dict/dictionary.h" />
		<Unit filename="engine/deviceSettings.h" />
		<Unit filename="engine/eventHandler.h" />
		<Unit filename="engine/game.h" />
		<Unit filename="engine/global/fps.h" />
		<Unit filename="engine/global/script_delay_timer.h" />
		<Unit filename="engine/print_to_console.h" />
		<Unit filename="engine/pure_string.h" />
		<Unit filename="file/loadFileToMemory.h" />
		<Unit filename="file/saveToFileFromMemory.h" />
		<Unit filename="main.cpp" />
		<Unit filename="math/factorial.h" />
		<Unit filename="script/basic_expression.h" />
		<Unit filename="script/commands.h" />
		<Unit filename="script/destringify.h" />
		<Unit filename="script/escape_sequences.h" />
		<Unit filename="script/expression.h" />
		<Unit filename="script/functionalExpression.h" />
		<Unit filename="script/functions.h" />
		<Unit filename="script/is_script_string.h" />
		<Unit filename="script/is_valid_script_name.h" />
		<Unit filename="script/operators/oper_t.h" />
		<Unit filename="script/scriptParser.h" />
		<Unit filename="script/script_errors.h" />
		<Unit filename="script/script_functions/absolute_val.h" />
		<Unit filename="script/script_functions/alpha_rgba.h" />
		<Unit filename="script/script_functions/arc_cosine.h" />
		<Unit filename="script/script_functions/arc_sine.h" />
		<Unit filename="script/script_functions/arc_tangent.h" />
		<Unit filename="script/script_functions/blue_rgba.h" />
		<Unit filename="script/script_functions/ceiling.h" />
		<Unit filename="script/script_functions/cosine.h" />
		<Unit filename="script/script_functions/degrees_to_radians.h" />
		<Unit filename="script/script_functions/floor.h" />
		<Unit filename="script/script_functions/frames_per_second.h" />
		<Unit filename="script/script_functions/green_rgba.h" />
		<Unit filename="script/script_functions/log.h" />
		<Unit filename="script/script_functions/radians_to_degrees.h" />
		<Unit filename="script/script_functions/rand_f.h" />
		<Unit filename="script/script_functions/rand_i.h" />
		<Unit filename="script/script_functions/red_rgba.h" />
		<Unit filename="script/script_functions/rgb.h" />
		<Unit filename="script/script_functions/rgba.h" />
		<Unit filename="script/script_functions/round.h" />
		<Unit filename="script/script_functions/sine.h" />
		<Unit filename="script/script_functions/square_root.h" />
		<Unit filename="script/script_functions/tangent.h" />
		<Unit filename="script/split_parameters.h" />
		<Unit filename="script/split_script_into_commands.h" />
		<Unit filename="script/variable.h" />
		<Unit filename="script/variableTree.h" />
		<Extensions>
			<code_completion />
			<envvars />
			<debugger />
		</Extensions>
	</Project>
</CodeBlocks_project_file>
