<?xml version="1.0" encoding="UTF-8" standalone="yes" ?>
<CodeBlocks_project_file>
	<FileVersion major="1" minor="6" />
	<Project>
		<Option title="ZEngine" />
		<Option pch_mode="2" />
		<Option compiler="gcc" />
		<Build>
			<Target title="Debug">
				<Option output="bin/Debug/ZEngine" prefix_auto="1" extension_auto="1" />
				<Option working_dir="bin/Debug" />
				<Option object_output="obj/Debug/" />
				<Option type="1" />
				<Option compiler="gcc" />
				<Compiler>
					<Add option="-std=c++11" />
					<Add option="-g" />
					<Add directory="../zLibraries" />
					<Add directory="/home/zwesterman/GitHub/ZEngine/" />
				</Compiler>
			</Target>
			<Target title="Release">
				<Option output="bin/Release/ZEngine" prefix_auto="1" extension_auto="1" />
				<Option object_output="obj/Release/" />
				<Option type="1" />
				<Option compiler="gcc" />
				<Compiler>
					<Add option="-O3" />
					<Add option="-std=c++11" />
					<Add option="-U__STRICT_ANSI__" />
				</Compiler>
				<Linker>
					<Add option="-s" />
				</Linker>
			</Target>
		</Build>
		<Compiler>
			<Add option="-Wall" />
			<Add option="-fexceptions" />
		</Compiler>
		<Unit filename="main.cpp" />
		<Unit filename="z/script.h" />
		<Unit filename="z/script/command.h" />
		<Unit filename="z/script/compiler.h" />
		<Unit filename="z/script/compiler/constantFolder.h" />
		<Unit filename="z/script/compiler/escapeSequences.h" />
		<Unit filename="z/script/compiler/identEnum.h" />
		<Unit filename="z/script/compiler/identity.h" />
		<Unit filename="z/script/compiler/includeIterator.h" />
		<Unit filename="z/script/compiler/keyword.h" />
		<Unit filename="z/script/compiler/lang.ZScript/lang.comments.h" />
		<Unit filename="z/script/compiler/lang.ZScript/lang.keywords.h" />
		<Unit filename="z/script/compiler/lang.ZScript/lang.operators.h" />
		<Unit filename="z/script/compiler/lang.ZScript/lang.syntax.h" />
		<Unit filename="z/script/compiler/lang.ZScript/lang.syntax/add1expr.h" />
		<Unit filename="z/script/compiler/lang.ZScript/lang.syntax/addexpr.h" />
		<Unit filename="z/script/compiler/lang.ZScript/lang.syntax/assignexpr.h" />
		<Unit filename="z/script/compiler/lang.ZScript/lang.syntax/boolexpr.h" />
		<Unit filename="z/script/compiler/lang.ZScript/lang.syntax/command.h" />
		<Unit filename="z/script/compiler/lang.ZScript/lang.syntax/dimensionexpr.h" />
		<Unit filename="z/script/compiler/lang.ZScript/lang.syntax/exprlist.h" />
		<Unit filename="z/script/compiler/lang.ZScript/lang.syntax/factorialexpr.h" />
		<Unit filename="z/script/compiler/lang.ZScript/lang.syntax/for_statement.h" />
		<Unit filename="z/script/compiler/lang.ZScript/lang.syntax/formaldecllist.h" />
		<Unit filename="z/script/compiler/lang.ZScript/lang.syntax/formaltypedecl.h" />
		<Unit filename="z/script/compiler/lang.ZScript/lang.syntax/formalvardecl.h" />
		<Unit filename="z/script/compiler/lang.ZScript/lang.syntax/func_prototype.h" />
		<Unit filename="z/script/compiler/lang.ZScript/lang.syntax/funccall.h" />
		<Unit filename="z/script/compiler/lang.ZScript/lang.syntax/function_decl.h" />
		<Unit filename="z/script/compiler/lang.ZScript/lang.syntax/identifierlist.h" />
		<Unit filename="z/script/compiler/lang.ZScript/lang.syntax/index.h" />
		<Unit filename="z/script/compiler/lang.ZScript/lang.syntax/list.h" />
		<Unit filename="z/script/compiler/lang.ZScript/lang.syntax/multiplyexpr.h" />
		<Unit filename="z/script/compiler/lang.ZScript/lang.syntax/negatexpr.h" />
		<Unit filename="z/script/compiler/lang.ZScript/lang.syntax/operand.h" />
		<Unit filename="z/script/compiler/lang.ZScript/lang.syntax/parenthexpr.h" />
		<Unit filename="z/script/compiler/lang.ZScript/lang.syntax/powerexpr.h" />
		<Unit filename="z/script/compiler/lang.ZScript/lang.syntax/program.h" />
		<Unit filename="z/script/compiler/lang.ZScript/lang.syntax/range.h" />
		<Unit filename="z/script/compiler/lang.ZScript/lang.syntax/rangelist.h" />
		<Unit filename="z/script/compiler/lang.ZScript/lang.syntax/return_statement.h" />
		<Unit filename="z/script/compiler/lang.ZScript/lang.syntax/sizeofexpr.h" />
		<Unit filename="z/script/compiler/lang.ZScript/lang.syntax/statement.h" />
		<Unit filename="z/script/compiler/lang.ZScript/lang.syntax/statementlist.h" />
		<Unit filename="z/script/compiler/lang.ZScript/lang.syntax/type_funccall.h" />
		<Unit filename="z/script/compiler/lang.ZScript/lang.syntax/typevar.h" />
		<Unit filename="z/script/compiler/lang.ZScript/lang.syntax/typevar_decl.h" />
		<Unit filename="z/script/compiler/lang.ZScript/lang.syntax/variable.h" />
		<Unit filename="z/script/compiler/lang.ZScript/lang.syntax/variable_decl.h" />
		<Unit filename="z/script/compiler/lang.ZScript/lang.syntax/varindex.h" />
		<Unit filename="z/script/compiler/lexer.h" />
		<Unit filename="z/script/compiler/operator.h" />
		<Unit filename="z/script/compiler/phrase.h" />
		<Unit filename="z/script/compiler/scanner.h" />
		<Unit filename="z/script/compiler/semanticAnalyzer.h" />
		<Unit filename="z/script/compiler/signatures.h" />
		<Unit filename="z/script/compiler/syntaxErrors/error_for.h" />
		<Unit filename="z/script/compiler/syntaxErrors/error_oper.h" />
		<Unit filename="z/script/compiler/syntaxErrors/error_semicolon.h" />
		<Unit filename="z/script/compiler/syntaxRule.h" />
		<Unit filename="z/script/compiler/varScope.h" />
		<Unit filename="z/script/error.h" />
		<Unit filename="z/script/function.h" />
		<Unit filename="z/script/generic.h" />
		<Unit filename="z/script/load_operators.h" />
		<Extensions>
			<code_completion />
			<envvars />
			<debugger />
		</Extensions>
	</Project>
</CodeBlocks_project_file>
