<?xml version="1.0" encoding="UTF-8" standalone="yes" ?>
<CodeBlocks_project_file>
	<FileVersion major="1" minor="6" />
	<Project>
		<Option title="std_operators" />
		<Option pch_mode="2" />
		<Option compiler="gcc" />
		<Build>
			<Target title="Debug">
				<Option output="bin/Debug/std_operators" prefix_auto="1" extension_auto="1" />
				<Option object_output="obj/Debug/" />
				<Option type="3" />
				<Option compiler="gcc" />
				<Option createDefFile="1" />
				<Option createStaticLib="1" />
				<Compiler>
					<Add option="-Wall" />
					<Add option="-std=c++11" />
					<Add option="-g" />
					<Add option="-U__STRICT_ANSI__" />
					<Add option="-DBUILD_DLL" />
				</Compiler>
				<Linker>
					<Add library="user32" />
				</Linker>
			</Target>
			<Target title="Release">
				<Option output="bin/Release/CreateDLL" prefix_auto="1" extension_auto="1" />
				<Option object_output="obj/Release/" />
				<Option type="3" />
				<Option compiler="gcc" />
				<Option createDefFile="1" />
				<Option createStaticLib="1" />
				<Compiler>
					<Add option="-Wall" />
					<Add option="-DBUILD_DLL" />
					<Add option="-O2" />
				</Compiler>
				<Linker>
					<Add option="-s" />
					<Add library="user32" />
				</Linker>
			</Target>
		</Build>
		<Unit filename="core/array.h" />
		<Unit filename="core/stringUtils/eval_string.h" />
		<Unit filename="main.cpp" />
		<Unit filename="main.h" />
		<Unit filename="math/factorial.h" />
		<Unit filename="script/destringify.h" />
		<Unit filename="script/escape_sequences.h" />
		<Unit filename="script/is_script_string.h" />
		<Unit filename="script/operators/add.h" />
		<Unit filename="script/operators/and.h" />
		<Unit filename="script/operators/divide.h" />
		<Unit filename="script/operators/equals.h" />
		<Unit filename="script/operators/factorial.h" />
		<Unit filename="script/operators/greater_than.h" />
		<Unit filename="script/operators/greater_than_equal.h" />
		<Unit filename="script/operators/integer_divide.h" />
		<Unit filename="script/operators/less_than.h" />
		<Unit filename="script/operators/less_than_equal.h" />
		<Unit filename="script/operators/modulus.h" />
		<Unit filename="script/operators/multiply.h" />
		<Unit filename="script/operators/not_equal.h" />
		<Unit filename="script/operators/oper_t.h" />
		<Unit filename="script/operators/power.h" />
		<Unit filename="script/operators/subtract.h" />
		<Unit filename="script/script_errors.h" />
		<Extensions>
			<code_completion />
			<envvars />
			<debugger />
			<lib_finder disable_auto="1" />
		</Extensions>
	</Project>
</CodeBlocks_project_file>
